
Microsoft Visual Studio Solution File, Format Version 12.00
# Visual Studio Version 17
VisualStudioVersion = 17.0.31903.59
MinimumVisualStudioVersion = 10.0.40219.1
Project("{2150E333-8FDC-42A3-9474-1A3956D46DE8}") = "src", "src", "{21BD6EDF-D091-4D41-B99E-36297D92FFAB}"
EndProject
Project("{FAE04EC0-301F-11D3-BF4B-00C04F79EFBC}") = "CollabDocumentEditor.Web", "src\CollabDocumentEditor.Web\CollabDocumentEditor.Web.csproj", "{186DF5B1-5A5C-4E27-BFA2-ACE41B35B1C5}"
EndProject
Project("{FAE04EC0-301F-11D3-BF4B-00C04F79EFBC}") = "CollabDocumentEditor.Core", "src\CollabDocumentEditor.Core\CollabDocumentEditor.Core.csproj", "{91963E98-FDA8-45BA-AC5B-DAB69D013534}"
EndProject
Project("{FAE04EC0-301F-11D3-BF4B-00C04F79EFBC}") = "CollabDocumentEditor.Infrastructure", "src\CollabDocumentEditor.Infrastructure\CollabDocumentEditor.Infrastructure.csproj", "{C99328D9-4CF6-441C-B26B-9A0DCB78E4B3}"
EndProject
Global
	GlobalSection(SolutionConfigurationPlatforms) = preSolution
		Debug|Any CPU = Debug|Any CPU
		Release|Any CPU = Release|Any CPU
	EndGlobalSection
	GlobalSection(SolutionProperties) = preSolution
		HideSolutionNode = FALSE
	EndGlobalSection
	GlobalSection(ProjectConfigurationPlatforms) = postSolution
		{186DF5B1-5A5C-4E27-BFA2-ACE41B35B1C5}.Debug|Any CPU.ActiveCfg = Debug|Any CPU
		{186DF5B1-5A5C-4E27-BFA2-ACE41B35B1C5}.Debug|Any CPU.Build.0 = Debug|Any CPU
		{186DF5B1-5A5C-4E27-BFA2-ACE41B35B1C5}.Release|Any CPU.ActiveCfg = Release|Any CPU
		{186DF5B1-5A5C-4E27-BFA2-ACE41B35B1C5}.Release|Any CPU.Build.0 = Release|Any CPU
		{91963E98-FDA8-45BA-AC5B-DAB69D013534}.Debug|Any CPU.ActiveCfg = Debug|Any CPU
		{91963E98-FDA8-45BA-AC5B-DAB69D013534}.Debug|Any CPU.Build.0 = Debug|Any CPU
		{91963E98-FDA8-45BA-AC5B-DAB69D013534}.Release|Any CPU.ActiveCfg = Release|Any CPU
		{91963E98-FDA8-45BA-AC5B-DAB69D013534}.Release|Any CPU.Build.0 = Release|Any CPU
		{C99328D9-4CF6-441C-B26B-9A0DCB78E4B3}.Debug|Any CPU.ActiveCfg = Debug|Any CPU
		{C99328D9-4CF6-441C-B26B-9A0DCB78E4B3}.Debug|Any CPU.Build.0 = Debug|Any CPU
		{C99328D9-4CF6-441C-B26B-9A0DCB78E4B3}.Release|Any CPU.ActiveCfg = Release|Any CPU
		{C99328D9-4CF6-441C-B26B-9A0DCB78E4B3}.Release|Any CPU.Build.0 = Release|Any CPU
	EndGlobalSection
	GlobalSection(NestedProjects) = preSolution
		{186DF5B1-5A5C-4E27-BFA2-ACE41B35B1C5} = {21BD6EDF-D091-4D41-B99E-36297D92FFAB}
		{91963E98-FDA8-45BA-AC5B-DAB69D013534} = {21BD6EDF-D091-4D41-B99E-36297D92FFAB}
		{C99328D9-4CF6-441C-B26B-9A0DCB78E4B3} = {21BD6EDF-D091-4D41-B99E-36297D92FFAB}
	EndGlobalSection
EndGlobal
